
Microsoft Visual Studio Solution File, Format Version 11.00
# Visual Studio 2010
Project("{FAE04EC0-301F-11D3-BF4B-00C04F79EFBC}") = "PongTwo", "PongTwo.csproj", "{30919583-9C82-47EA-9974-B1C7D93A29E8}"
EndProject
Global
	GlobalSection(SolutionConfigurationPlatforms) = preSolution
		Debug|Windows Phone = Debug|Windows Phone
		Release|Windows Phone = Release|Windows Phone
	EndGlobalSection
	GlobalSection(ProjectConfigurationPlatforms) = postSolution
		{30919583-9C82-47EA-9974-B1C7D93A29E8}.Debug|Windows Phone.ActiveCfg = Debug|Windows Phone
		{30919583-9C82-47EA-9974-B1C7D93A29E8}.Debug|Windows Phone.Build.0 = Debug|Windows Phone
		{30919583-9C82-47EA-9974-B1C7D93A29E8}.Debug|Windows Phone.Deploy.0 = Debug|Windows Phone
		{30919583-9C82-47EA-9974-B1C7D93A29E8}.Release|Windows Phone.ActiveCfg = Release|Windows Phone
		{30919583-9C82-47EA-9974-B1C7D93A29E8}.Release|Windows Phone.Build.0 = Release|Windows Phone
		{30919583-9C82-47EA-9974-B1C7D93A29E8}.Release|Windows Phone.Deploy.0 = Release|Windows Phone
	EndGlobalSection
	GlobalSection(SolutionProperties) = preSolution
		HideSolutionNode = FALSE
	EndGlobalSection
EndGlobal
